{
  "nodes": {
    "nebunix": {
      "inputs": {
        "nixpkgs": "nixpkgs"
      },
      "locked": {
        "lastModified": 1739553668,
        "narHash": "sha256-Ncy7Ju4uJZE57nZLJeyzHbCInDn7xhgxLjSUzi5lTkw=",
        "owner": "nebunix",
        "repo": "nebunix",
        "rev": "fffb6a66c38c4fa2741fecb2b2ca05ab63ef1301",
        "type": "github"
      },
      "original": {
        "owner": "nebunix",
        "repo": "nebunix",
        "type": "github"
      }
    },
    "nebunix-base": {
      "locked": {
        "lastModified": 1739553933,
        "narHash": "sha256-jMpa2u07llTxkJaGl+hHSlba/C5G43JHSobrz/ozglM=",
        "owner": "nebunix",
        "repo": "base",
        "rev": "17ed7a264610643bb2b010675fbbf233891d8d61",
        "type": "github"
      },
      "original": {
        "owner": "nebunix",
        "repo": "base",
        "type": "github"
      }
    },
    "nixpkgs": {
      "locked": {
        "lastModified": 1739357830,
        "narHash": "sha256-9xim3nJJUFbVbJCz48UP4fGRStVW5nv4VdbimbKxJ3I=",
        "owner": "nixos",
        "repo": "nixpkgs",
        "rev": "0ff09db9d034a04acd4e8908820ba0b410d7a33a",
        "type": "github"
      },
      "original": {
        "owner": "nixos",
        "ref": "nixos-24.11",
        "repo": "nixpkgs",
        "type": "github"
      }
    },
    "root": {
      "inputs": {
        "nebunix": "nebunix",
        "nebunix-base": "nebunix-base"
      }
    }
  },
  "root": "root",
  "version": 7
}
