{
  "nodes": {
    "home-manager": {
      "inputs": {
        "nixpkgs": [
          "nebunix",
          "nixpkgs"
        ]
      },
      "locked": {
        "lastModified": 1736373539,
        "narHash": "sha256-dinzAqCjenWDxuy+MqUQq0I4zUSfaCvN9rzuCmgMZJY=",
        "owner": "nix-community",
        "repo": "home-manager",
        "rev": "bd65bc3cde04c16755955630b344bc9e35272c56",
        "type": "github"
      },
      "original": {
        "owner": "nix-community",
        "ref": "release-24.11",
        "repo": "home-manager",
        "type": "github"
      }
    },
    "nebunix": {
      "inputs": {
        "home-manager": "home-manager",
        "nixpkgs": "nixpkgs"
      },
      "locked": {
        "lastModified": 1739563196,
        "narHash": "sha256-keodVyV+BfVHVEKEQcjIAKzn87JYl9H4eWUtsr6MjV0=",
        "owner": "nebunix",
        "repo": "nebunix",
        "rev": "e933c05ac923118b30d47595da44ebfc6b049992",
        "type": "github"
      },
      "original": {
        "owner": "nebunix",
        "repo": "nebunix",
        "type": "github"
      }
    },
    "nebunix-base": {
      "locked": {
        "lastModified": 1739563180,
        "narHash": "sha256-pPi6iRVLXR/AJ7/Vu+6Yx4VoHkmgda+f8UOLS2OAqj8=",
        "owner": "nebunix",
        "repo": "base",
        "rev": "9c69c8383c14be685dc3c73ba0d29c4733143156",
        "type": "github"
      },
      "original": {
        "owner": "nebunix",
        "repo": "base",
        "type": "github"
      }
    },
    "nixpkgs": {
      "locked": {
        "lastModified": 1739357830,
        "narHash": "sha256-9xim3nJJUFbVbJCz48UP4fGRStVW5nv4VdbimbKxJ3I=",
        "owner": "nixos",
        "repo": "nixpkgs",
        "rev": "0ff09db9d034a04acd4e8908820ba0b410d7a33a",
        "type": "github"
      },
      "original": {
        "owner": "nixos",
        "ref": "nixos-24.11",
        "repo": "nixpkgs",
        "type": "github"
      }
    },
    "root": {
      "inputs": {
        "nebunix": "nebunix",
        "nebunix-base": "nebunix-base"
      }
    }
  },
  "root": "root",
  "version": 7
}
