{
  "nodes": {
    "home-manager": {
      "inputs": {
        "nixpkgs": [
          "nebunix",
          "nixpkgs"
        ]
      },
      "locked": {
        "lastModified": 1736373539,
        "narHash": "sha256-dinzAqCjenWDxuy+MqUQq0I4zUSfaCvN9rzuCmgMZJY=",
        "owner": "nix-community",
        "repo": "home-manager",
        "rev": "bd65bc3cde04c16755955630b344bc9e35272c56",
        "type": "github"
      },
      "original": {
        "owner": "nix-community",
        "ref": "release-24.11",
        "repo": "home-manager",
        "type": "github"
      }
    },
    "nebunix": {
      "inputs": {
        "home-manager": "home-manager",
        "nixpkgs": "nixpkgs"
      },
      "locked": {
        "lastModified": 1739564199,
        "narHash": "sha256-Q7CflmmurPP8thM/DwBRNr+a7JrMfMTXC7gmB0Hlvm0=",
        "owner": "nebunix",
        "repo": "nebunix",
        "rev": "f0f6c79b30c0a16cc4777bd55512ca80a9a8b46c",
        "type": "github"
      },
      "original": {
        "owner": "nebunix",
        "repo": "nebunix",
        "type": "github"
      }
    },
    "nebunix-base": {
      "locked": {
        "lastModified": 1739564314,
        "narHash": "sha256-j4lp49hCf1j/8pykwwmE/4DzGxAYZm6UaR2dSySKfBI=",
        "owner": "nebunix",
        "repo": "base",
        "rev": "8b1335f5294b7d67d718aea95d53517004b9a2b0",
        "type": "github"
      },
      "original": {
        "owner": "nebunix",
        "repo": "base",
        "type": "github"
      }
    },
    "nixpkgs": {
      "locked": {
        "lastModified": 1739357830,
        "narHash": "sha256-9xim3nJJUFbVbJCz48UP4fGRStVW5nv4VdbimbKxJ3I=",
        "owner": "nixos",
        "repo": "nixpkgs",
        "rev": "0ff09db9d034a04acd4e8908820ba0b410d7a33a",
        "type": "github"
      },
      "original": {
        "owner": "nixos",
        "ref": "nixos-24.11",
        "repo": "nixpkgs",
        "type": "github"
      }
    },
    "root": {
      "inputs": {
        "nebunix": "nebunix",
        "nebunix-base": "nebunix-base"
      }
    }
  },
  "root": "root",
  "version": 7
}
