{
  "nodes": {
    "home-manager": {
      "inputs": {
        "nixpkgs": [
          "nebunix",
          "nixpkgs"
        ]
      },
      "locked": {
        "lastModified": 1739570999,
        "narHash": "sha256-eCc0/Q4bPpe4/AS+uzIrHLJcR6BxPQ69q2kD0/Qe6rU=",
        "owner": "nix-community",
        "repo": "home-manager",
        "rev": "254d47082e23dbf72fdeca1da6fe1da420f478d8",
        "type": "github"
      },
      "original": {
        "owner": "nix-community",
        "ref": "release-24.11",
        "repo": "home-manager",
        "type": "github"
      }
    },
    "nebunix": {
      "inputs": {
        "home-manager": "home-manager",
        "nixpkgs": "nixpkgs"
      },
      "locked": {
        "lastModified": 1739736143,
        "narHash": "sha256-f2xabtJ/nA77T0XXwKi56Xj35yAqAOm090Xk4qsv3mY=",
        "owner": "nebunix",
        "repo": "nebunix",
        "rev": "084aacfcaf430787ffc3693b6282a20a3c01be60",
        "type": "github"
      },
      "original": {
        "owner": "nebunix",
        "repo": "nebunix",
        "type": "github"
      }
    },
    "nebunix-base": {
      "locked": {
        "lastModified": 1739736299,
        "narHash": "sha256-WM6uv62OgDflgp4kSvp4K7Bp3EPmN9fc+rEqgvjbxTM=",
        "owner": "nebunix",
        "repo": "base",
        "rev": "0fd9e79a30e0b3a3c888a48b4364e1fe42c0c80a",
        "type": "github"
      },
      "original": {
        "owner": "nebunix",
        "repo": "base",
        "type": "github"
      }
    },
    "nebunix-firefox": {
      "locked": {
        "lastModified": 1739719665,
        "narHash": "sha256-1pXLtt8T+QUU90ykLcLWYwNSNzlDyDCk8RIXQXuxqXs=",
        "owner": "nebunix",
        "repo": "firefox",
        "rev": "27107ef6c81bb8063cc3a44b4a832f8de2b6c6b8",
        "type": "github"
      },
      "original": {
        "owner": "nebunix",
        "repo": "firefox",
        "type": "github"
      }
    },
    "nebunix-fish": {
      "locked": {
        "lastModified": 1739719908,
        "narHash": "sha256-nkU0Ge7nDGHK7F3q3RQ7iiFqRmXeabvPa9vKfudYfJk=",
        "owner": "nebunix",
        "repo": "fish",
        "rev": "1419b74cc922bc76ed6df78d8a21563298b5714f",
        "type": "github"
      },
      "original": {
        "owner": "nebunix",
        "repo": "fish",
        "type": "github"
      }
    },
    "nebunix-helix": {
      "locked": {
        "lastModified": 1739736327,
        "narHash": "sha256-V28z1V9mjsdeNxebK2mTTtzoZnqwqbAfY3eDrke71wE=",
        "owner": "nebunix",
        "repo": "helix",
        "rev": "0adff53b32624909fefb6c82d8670aef64faa199",
        "type": "github"
      },
      "original": {
        "owner": "nebunix",
        "repo": "helix",
        "type": "github"
      }
    },
    "nebunix-kitty": {
      "locked": {
        "lastModified": 1739736352,
        "narHash": "sha256-UoEfEXu0QSVc3LFwd9CRXnXK21p8hbkpWBnTN4tMl+E=",
        "owner": "nebunix",
        "repo": "kitty",
        "rev": "c85a2f0ce317e103cf18d62b9f068104a17f6630",
        "type": "github"
      },
      "original": {
        "owner": "nebunix",
        "repo": "kitty",
        "type": "github"
      }
    },
    "nebunix-ly": {
      "locked": {
        "lastModified": 1739735227,
        "narHash": "sha256-mXZUYPAfKJI4cPx3ViVWDox8iUoPyNszRGga4T2XbsE=",
        "owner": "nebunix",
        "repo": "ly",
        "rev": "24e2f2ffcabd375ff5533694810b316ee6dbcf27",
        "type": "github"
      },
      "original": {
        "owner": "nebunix",
        "repo": "ly",
        "type": "github"
      }
    },
    "nebunix-sway": {
      "locked": {
        "lastModified": 1739736376,
        "narHash": "sha256-cOepZ2/ythSd3yYPKPwVG3mGsZsZENVHuYhrpcOm8Vk=",
        "owner": "nebunix",
        "repo": "sway",
        "rev": "c56e32da0a942c0fe136fdf33761b9158c254396",
        "type": "github"
      },
      "original": {
        "owner": "nebunix",
        "repo": "sway",
        "type": "github"
      }
    },
    "nixpkgs": {
      "locked": {
        "lastModified": 1739484910,
        "narHash": "sha256-wjWLzdM7PIq4ZAe7k3vyjtgVJn6b0UeodtRFlM/6W5U=",
        "owner": "nixos",
        "repo": "nixpkgs",
        "rev": "0b73e36b1962620a8ac551a37229dd8662dac5c8",
        "type": "github"
      },
      "original": {
        "owner": "nixos",
        "ref": "nixos-24.11",
        "repo": "nixpkgs",
        "type": "github"
      }
    },
    "root": {
      "inputs": {
        "nebunix": "nebunix",
        "nebunix-base": "nebunix-base",
        "nebunix-firefox": "nebunix-firefox",
        "nebunix-fish": "nebunix-fish",
        "nebunix-helix": "nebunix-helix",
        "nebunix-kitty": "nebunix-kitty",
        "nebunix-ly": "nebunix-ly",
        "nebunix-sway": "nebunix-sway"
      }
    }
  },
  "root": "root",
  "version": 7
}
