{
  "nodes": {
    "home-manager": {
      "inputs": {
        "nixpkgs": [
          "nebunix",
          "nixpkgs"
        ]
      },
      "locked": {
        "lastModified": 1739570999,
        "narHash": "sha256-eCc0/Q4bPpe4/AS+uzIrHLJcR6BxPQ69q2kD0/Qe6rU=",
        "owner": "nix-community",
        "repo": "home-manager",
        "rev": "254d47082e23dbf72fdeca1da6fe1da420f478d8",
        "type": "github"
      },
      "original": {
        "owner": "nix-community",
        "ref": "release-24.11",
        "repo": "home-manager",
        "type": "github"
      }
    },
    "nebunix": {
      "inputs": {
        "home-manager": "home-manager",
        "nixpkgs": "nixpkgs"
      },
      "locked": {
        "lastModified": 1739798281,
        "narHash": "sha256-MW/qljfRRNwoSTZ6yXTqMq+O0M8yuiCqQB2SYodCSrk=",
        "owner": "nebunix",
        "repo": "nebunix",
        "rev": "96d1586a5f15078569dd0024f6602740f1d7185b",
        "type": "github"
      },
      "original": {
        "owner": "nebunix",
        "repo": "nebunix",
        "type": "github"
      }
    },
    "nebunix-base": {
      "locked": {
        "lastModified": 1739798537,
        "narHash": "sha256-F4bg4dAY/pGN7bHFDkmszQLfDB4METtXKMp+a5/Ktfc=",
        "owner": "nebunix",
        "repo": "base",
        "rev": "747ab0f6395a80005c0acd8f33153cf8160e226d",
        "type": "github"
      },
      "original": {
        "owner": "nebunix",
        "repo": "base",
        "type": "github"
      }
    },
    "nebunix-firefox": {
      "locked": {
        "lastModified": 1739719665,
        "narHash": "sha256-1pXLtt8T+QUU90ykLcLWYwNSNzlDyDCk8RIXQXuxqXs=",
        "owner": "nebunix",
        "repo": "firefox",
        "rev": "27107ef6c81bb8063cc3a44b4a832f8de2b6c6b8",
        "type": "github"
      },
      "original": {
        "owner": "nebunix",
        "repo": "firefox",
        "type": "github"
      }
    },
    "nebunix-fish": {
      "locked": {
        "lastModified": 1739737047,
        "narHash": "sha256-ITiJ3kTpppZecvZ40UPdkAY7Kgiv0ktvuH0giJrgVu8=",
        "owner": "nebunix",
        "repo": "fish",
        "rev": "f62e6914ada3fec9914eb76bfbefdb98981d52de",
        "type": "github"
      },
      "original": {
        "owner": "nebunix",
        "repo": "fish",
        "type": "github"
      }
    },
    "nebunix-helix": {
      "locked": {
        "lastModified": 1739736327,
        "narHash": "sha256-V28z1V9mjsdeNxebK2mTTtzoZnqwqbAfY3eDrke71wE=",
        "owner": "nebunix",
        "repo": "helix",
        "rev": "0adff53b32624909fefb6c82d8670aef64faa199",
        "type": "github"
      },
      "original": {
        "owner": "nebunix",
        "repo": "helix",
        "type": "github"
      }
    },
    "nebunix-kitty": {
      "locked": {
        "lastModified": 1739792655,
        "narHash": "sha256-EZGHuiuvhtyeSIKL+vqUXVD+ULzRtQkHSXdL4P1pwbg=",
        "owner": "nebunix",
        "repo": "kitty",
        "rev": "57a6a5fb9aaa4dcb59c92f5f51c6aa482efacda2",
        "type": "github"
      },
      "original": {
        "owner": "nebunix",
        "repo": "kitty",
        "type": "github"
      }
    },
    "nebunix-ly": {
      "locked": {
        "lastModified": 1739782827,
        "narHash": "sha256-SmVsI994l4ofn0D4wOL1eFdUPcFpekCBpx1sWeCY4lg=",
        "owner": "nebunix",
        "repo": "ly",
        "rev": "c47fb934e8394e61313e1b4cd82dc67db682dd17",
        "type": "github"
      },
      "original": {
        "owner": "nebunix",
        "repo": "ly",
        "type": "github"
      }
    },
    "nebunix-sway": {
      "locked": {
        "lastModified": 1739792497,
        "narHash": "sha256-S7B/C0ZceXb4hmUCSoYI4fsgXgy8PNE4DdYGfNzi60s=",
        "owner": "nebunix",
        "repo": "sway",
        "rev": "5b94a3ab69be1b97d02842162ff375605e86f481",
        "type": "github"
      },
      "original": {
        "owner": "nebunix",
        "repo": "sway",
        "type": "github"
      }
    },
    "nebunix-wallpaper": {
      "locked": {
        "lastModified": 1739791664,
        "narHash": "sha256-khEV/hbJc4KNuQDBuK+yG4aS+d//px4d7vdyT3+7wgs=",
        "owner": "nebunix",
        "repo": "wallpaper",
        "rev": "c89fef1078577cbcc2da7491187045ecd11f1896",
        "type": "github"
      },
      "original": {
        "owner": "nebunix",
        "repo": "wallpaper",
        "type": "github"
      }
    },
    "nixpkgs": {
      "locked": {
        "lastModified": 1739484910,
        "narHash": "sha256-wjWLzdM7PIq4ZAe7k3vyjtgVJn6b0UeodtRFlM/6W5U=",
        "owner": "nixos",
        "repo": "nixpkgs",
        "rev": "0b73e36b1962620a8ac551a37229dd8662dac5c8",
        "type": "github"
      },
      "original": {
        "owner": "nixos",
        "ref": "nixos-24.11",
        "repo": "nixpkgs",
        "type": "github"
      }
    },
    "root": {
      "inputs": {
        "nebunix": "nebunix",
        "nebunix-base": "nebunix-base",
        "nebunix-firefox": "nebunix-firefox",
        "nebunix-fish": "nebunix-fish",
        "nebunix-helix": "nebunix-helix",
        "nebunix-kitty": "nebunix-kitty",
        "nebunix-ly": "nebunix-ly",
        "nebunix-sway": "nebunix-sway",
        "nebunix-wallpaper": "nebunix-wallpaper"
      }
    }
  },
  "root": "root",
  "version": 7
}
