{
  "nodes": {
    "home-manager": {
      "inputs": {
        "nixpkgs": [
          "nebunix",
          "nixpkgs"
        ]
      },
      "locked": {
        "lastModified": 1739570999,
        "narHash": "sha256-eCc0/Q4bPpe4/AS+uzIrHLJcR6BxPQ69q2kD0/Qe6rU=",
        "owner": "nix-community",
        "repo": "home-manager",
        "rev": "254d47082e23dbf72fdeca1da6fe1da420f478d8",
        "type": "github"
      },
      "original": {
        "owner": "nix-community",
        "ref": "release-24.11",
        "repo": "home-manager",
        "type": "github"
      }
    },
    "nebunix": {
      "inputs": {
        "home-manager": "home-manager",
        "nixpkgs": "nixpkgs"
      },
      "locked": {
        "lastModified": 1739735387,
        "narHash": "sha256-Lamq52ua3noADDJzL/shIAeQJvP85Y+RCp0d/tcnPLM=",
        "owner": "nebunix",
        "repo": "nebunix",
        "rev": "c02c940a3189d7db8e597f64c779c47eb47806cd",
        "type": "github"
      },
      "original": {
        "owner": "nebunix",
        "repo": "nebunix",
        "type": "github"
      }
    },
    "nebunix-base": {
      "locked": {
        "lastModified": 1739719872,
        "narHash": "sha256-XULKtGAdYe1imrG544XreL6miRz4fpZ505zBc0OPxGc=",
        "owner": "nebunix",
        "repo": "base",
        "rev": "5e75aa8a785a169c8bbf01a1d18b3a3ec4ec60b4",
        "type": "github"
      },
      "original": {
        "owner": "nebunix",
        "repo": "base",
        "type": "github"
      }
    },
    "nebunix-firefox": {
      "locked": {
        "lastModified": 1739719665,
        "narHash": "sha256-1pXLtt8T+QUU90ykLcLWYwNSNzlDyDCk8RIXQXuxqXs=",
        "owner": "nebunix",
        "repo": "firefox",
        "rev": "27107ef6c81bb8063cc3a44b4a832f8de2b6c6b8",
        "type": "github"
      },
      "original": {
        "owner": "nebunix",
        "repo": "firefox",
        "type": "github"
      }
    },
    "nebunix-fish": {
      "locked": {
        "lastModified": 1739719908,
        "narHash": "sha256-nkU0Ge7nDGHK7F3q3RQ7iiFqRmXeabvPa9vKfudYfJk=",
        "owner": "nebunix",
        "repo": "fish",
        "rev": "1419b74cc922bc76ed6df78d8a21563298b5714f",
        "type": "github"
      },
      "original": {
        "owner": "nebunix",
        "repo": "fish",
        "type": "github"
      }
    },
    "nebunix-helix": {
      "locked": {
        "lastModified": 1739736087,
        "narHash": "sha256-lJrziVwNeZDvqzVgAA2Cxezqx3o5Ug5UE+DNcnTBQRI=",
        "owner": "nebunix",
        "repo": "helix",
        "rev": "5a44178d4909f5fb1959a28d963601bb6551db4a",
        "type": "github"
      },
      "original": {
        "owner": "nebunix",
        "repo": "helix",
        "type": "github"
      }
    },
    "nebunix-kitty": {
      "locked": {
        "lastModified": 1739719940,
        "narHash": "sha256-PBrktY03MwT1+fSdbZpjSqROnkWdhtXtXsCzMGRBULc=",
        "owner": "nebunix",
        "repo": "kitty",
        "rev": "2ef2a5267048b00271abbd6187178f34d57ee7aa",
        "type": "github"
      },
      "original": {
        "owner": "nebunix",
        "repo": "kitty",
        "type": "github"
      }
    },
    "nebunix-ly": {
      "locked": {
        "lastModified": 1739735227,
        "narHash": "sha256-mXZUYPAfKJI4cPx3ViVWDox8iUoPyNszRGga4T2XbsE=",
        "owner": "nebunix",
        "repo": "ly",
        "rev": "24e2f2ffcabd375ff5533694810b316ee6dbcf27",
        "type": "github"
      },
      "original": {
        "owner": "nebunix",
        "repo": "ly",
        "type": "github"
      }
    },
    "nebunix-sway": {
      "locked": {
        "lastModified": 1739719349,
        "narHash": "sha256-0rGCq222rLSkije58R7Ai3p0GmyVYiaRfboKXlKGVQE=",
        "owner": "nebunix",
        "repo": "sway",
        "rev": "5fbbb906998b5ea7c47756cc05b1ce90646b25b4",
        "type": "github"
      },
      "original": {
        "owner": "nebunix",
        "repo": "sway",
        "type": "github"
      }
    },
    "nixpkgs": {
      "locked": {
        "lastModified": 1739484910,
        "narHash": "sha256-wjWLzdM7PIq4ZAe7k3vyjtgVJn6b0UeodtRFlM/6W5U=",
        "owner": "nixos",
        "repo": "nixpkgs",
        "rev": "0b73e36b1962620a8ac551a37229dd8662dac5c8",
        "type": "github"
      },
      "original": {
        "owner": "nixos",
        "ref": "nixos-24.11",
        "repo": "nixpkgs",
        "type": "github"
      }
    },
    "root": {
      "inputs": {
        "nebunix": "nebunix",
        "nebunix-base": "nebunix-base",
        "nebunix-firefox": "nebunix-firefox",
        "nebunix-fish": "nebunix-fish",
        "nebunix-helix": "nebunix-helix",
        "nebunix-kitty": "nebunix-kitty",
        "nebunix-ly": "nebunix-ly",
        "nebunix-sway": "nebunix-sway"
      }
    }
  },
  "root": "root",
  "version": 7
}
